
Microsoft Visual Studio Solution File, Format Version 12.00
# Visual Studio Version 18
VisualStudioVersion = 18.4.11702.344
MinimumVisualStudioVersion = 10.0.40219.1
Project("{FAE04EC0-301F-11D3-BF4B-00C04F79EFBC}") = "TreeCollection", "TreeCollection\TreeCollection.csproj", "{077ACF9F-3F46-4946-5C88-7B709098D3FE}"
EndProject
Project("{2150E333-8FDC-42A3-9474-1A3956D46DE8}") = "src", "src", "{0844A4E7-9C47-4BE8-9A6D-C065DA1BFB1B}"
EndProject
Global
	GlobalSection(SolutionConfigurationPlatforms) = preSolution
		Debug|Any CPU = Debug|Any CPU
		Release|Any CPU = Release|Any CPU
	EndGlobalSection
	GlobalSection(ProjectConfigurationPlatforms) = postSolution
		{077ACF9F-3F46-4946-5C88-7B709098D3FE}.Debug|Any CPU.ActiveCfg = Debug|Any CPU
		{077ACF9F-3F46-4946-5C88-7B709098D3FE}.Debug|Any CPU.Build.0 = Debug|Any CPU
		{077ACF9F-3F46-4946-5C88-7B709098D3FE}.Release|Any CPU.ActiveCfg = Release|Any CPU
		{077ACF9F-3F46-4946-5C88-7B709098D3FE}.Release|Any CPU.Build.0 = Release|Any CPU
	EndGlobalSection
	GlobalSection(SolutionProperties) = preSolution
		HideSolutionNode = FALSE
	EndGlobalSection
	GlobalSection(NestedProjects) = preSolution
		{077ACF9F-3F46-4946-5C88-7B709098D3FE} = {0844A4E7-9C47-4BE8-9A6D-C065DA1BFB1B}
	EndGlobalSection
	GlobalSection(ExtensibilityGlobals) = postSolution
		SolutionGuid = {0430BC0E-499B-4BCB-9E10-1F201BB2D2A9}
	EndGlobalSection
EndGlobal
